
Microsoft Visual Studio Solution File, Format Version 12.00
# Visual Studio Version 17
VisualStudioVersion = 17.3.32804.467
MinimumVisualStudioVersion = 10.0.40219.1
Project("{FAE04EC0-301F-11D3-BF4B-00C04F79EFBC}") = "Sl_phase3project4", "Sl_phase3project4\Sl_phase3project4.csproj", "{CC49BE13-38C7-41A5-842C-A30622812EF9}"
	ProjectSection(ProjectDependencies) = postProject
		{1E7C3307-DB49-47AD-80C1-0DBED337B489} = {1E7C3307-DB49-47AD-80C1-0DBED337B489}
		{BA1B0A41-EFD1-43C9-96D7-0D0C9210A1D7} = {BA1B0A41-EFD1-43C9-96D7-0D0C9210A1D7}
	EndProjectSection
EndProject
Project("{FAE04EC0-301F-11D3-BF4B-00C04F79EFBC}") = "ClassLibrary1", "..\..\ado.net day2\ConsoleApp2\ClassLibrary1\ClassLibrary1.csproj", "{BA1B0A41-EFD1-43C9-96D7-0D0C9210A1D7}"
EndProject
Project("{FAE04EC0-301F-11D3-BF4B-00C04F79EFBC}") = "ClassLibrary2", "..\..\ado.net day2\ConsoleApp2\ClassLibrary2\ClassLibrary2.csproj", "{0E0AE298-6D48-4728-B11C-00DE6E715359}"
	ProjectSection(ProjectDependencies) = postProject
		{BA1B0A41-EFD1-43C9-96D7-0D0C9210A1D7} = {BA1B0A41-EFD1-43C9-96D7-0D0C9210A1D7}
	EndProjectSection
EndProject
Project("{FAE04EC0-301F-11D3-BF4B-00C04F79EFBC}") = "ClassLibrary3", "..\..\ado.net day2\ConsoleApp2\ClassLibrary3\ClassLibrary3.csproj", "{1E7C3307-DB49-47AD-80C1-0DBED337B489}"
	ProjectSection(ProjectDependencies) = postProject
		{0E0AE298-6D48-4728-B11C-00DE6E715359} = {0E0AE298-6D48-4728-B11C-00DE6E715359}
		{BA1B0A41-EFD1-43C9-96D7-0D0C9210A1D7} = {BA1B0A41-EFD1-43C9-96D7-0D0C9210A1D7}
	EndProjectSection
EndProject
Global
	GlobalSection(SolutionConfigurationPlatforms) = preSolution
		Debug|Any CPU = Debug|Any CPU
		Release|Any CPU = Release|Any CPU
	EndGlobalSection
	GlobalSection(ProjectConfigurationPlatforms) = postSolution
		{CC49BE13-38C7-41A5-842C-A30622812EF9}.Debug|Any CPU.ActiveCfg = Debug|Any CPU
		{CC49BE13-38C7-41A5-842C-A30622812EF9}.Debug|Any CPU.Build.0 = Debug|Any CPU
		{CC49BE13-38C7-41A5-842C-A30622812EF9}.Release|Any CPU.ActiveCfg = Release|Any CPU
		{CC49BE13-38C7-41A5-842C-A30622812EF9}.Release|Any CPU.Build.0 = Release|Any CPU
		{BA1B0A41-EFD1-43C9-96D7-0D0C9210A1D7}.Debug|Any CPU.ActiveCfg = Debug|Any CPU
		{BA1B0A41-EFD1-43C9-96D7-0D0C9210A1D7}.Debug|Any CPU.Build.0 = Debug|Any CPU
		{BA1B0A41-EFD1-43C9-96D7-0D0C9210A1D7}.Release|Any CPU.ActiveCfg = Release|Any CPU
		{BA1B0A41-EFD1-43C9-96D7-0D0C9210A1D7}.Release|Any CPU.Build.0 = Release|Any CPU
		{0E0AE298-6D48-4728-B11C-00DE6E715359}.Debug|Any CPU.ActiveCfg = Debug|Any CPU
		{0E0AE298-6D48-4728-B11C-00DE6E715359}.Debug|Any CPU.Build.0 = Debug|Any CPU
		{0E0AE298-6D48-4728-B11C-00DE6E715359}.Release|Any CPU.ActiveCfg = Release|Any CPU
		{0E0AE298-6D48-4728-B11C-00DE6E715359}.Release|Any CPU.Build.0 = Release|Any CPU
		{1E7C3307-DB49-47AD-80C1-0DBED337B489}.Debug|Any CPU.ActiveCfg = Debug|Any CPU
		{1E7C3307-DB49-47AD-80C1-0DBED337B489}.Debug|Any CPU.Build.0 = Debug|Any CPU
		{1E7C3307-DB49-47AD-80C1-0DBED337B489}.Release|Any CPU.ActiveCfg = Release|Any CPU
		{1E7C3307-DB49-47AD-80C1-0DBED337B489}.Release|Any CPU.Build.0 = Release|Any CPU
	EndGlobalSection
	GlobalSection(SolutionProperties) = preSolution
		HideSolutionNode = FALSE
	EndGlobalSection
	GlobalSection(ExtensibilityGlobals) = postSolution
		SolutionGuid = {58AEB7D3-7ED8-4235-B4D4-ACD268382193}
	EndGlobalSection
EndGlobal
